// !$*UTF8*$!
{
	archiveVersion = 1;
	classes = {
	};
	objectVersion = 52;
	objects = {

/* Begin PBXBuildFile section */
		CAC8C62623FFF1A900BC0EBF /* RandomColor.swift in Sources */ = {isa = PBXBuildFile; fileRef = CAC8C62523FFF1A900BC0EBF /* RandomColor.swift */; };
		CADAB0E723FF3FBE0060CFA5 /* AppDelegate.swift in Sources */ = {isa = PBXBuildFile; fileRef = CADAB0E623FF3FBE0060CFA5 /* AppDelegate.swift */; };
		CADAB0E923FF3FBE0060CFA5 /* SceneDelegate.swift in Sources */ = {isa = PBXBuildFile; fileRef = CADAB0E823FF3FBE0060CFA5 /* SceneDelegate.swift */; };
		CADAB0EB23FF3FBE0060CFA5 /* ContentView.swift in Sources */ = {isa = PBXBuildFile; fileRef = CADAB0EA23FF3FBE0060CFA5 /* ContentView.swift */; };
		CADAB0ED23FF3FBE0060CFA5 /* Assets.xcassets in Resources */ = {isa = PBXBuildFile; fileRef = CADAB0EC23FF3FBE0060CFA5 /* Assets.xcassets */; };
		CADAB0F023FF3FBF0060CFA5 /* Preview Assets.xcassets in Resources */ = {isa = PBXBuildFile; fileRef = CADAB0EF23FF3FBF0060CFA5 /* Preview Assets.xcassets */; };
		CADAB0F323FF3FBF0060CFA5 /* LaunchScreen.storyboard in Resources */ = {isa = PBXBuildFile; fileRef = CADAB0F123FF3FBF0060CFA5 /* LaunchScreen.storyboard */; };
/* End PBXBuildFile section */

/* Begin PBXFileReference section */
		CAC8C62523FFF1A900BC0EBF /* RandomColor.swift */ = {isa = PBXFileReference; lastKnownFileType = sourcecode.swift; path = RandomColor.swift; sourceTree = "<group>"; };
		CADAB0E323FF3FBE0060CFA5 /* Color guess.app */ = {isa = PBXFileReference; explicitFileType = wrapper.application; includeInIndex = 0; path = "Color guess.app"; sourceTree = BUILT_PRODUCTS_DIR; };
		CADAB0E623FF3FBE0060CFA5 /* AppDelegate.swift */ = {isa = PBXFileReference; lastKnownFileType = sourcecode.swift; path = AppDelegate.swift; sourceTree = "<group>"; };
		CADAB0E823FF3FBE0060CFA5 /* SceneDelegate.swift */ = {isa = PBXFileReference; lastKnownFileType = sourcecode.swift; path = SceneDelegate.swift; sourceTree = "<group>"; };
		CADAB0EA23FF3FBE0060CFA5 /* ContentView.swift */ = {isa = PBXFileReference; lastKnownFileType = sourcecode.swift; path = ContentView.swift; sourceTree = "<group>"; };
		CADAB0EC23FF3FBE0060CFA5 /* Assets.xcassets */ = {isa = PBXFileReference; lastKnownFileType = folder.assetcatalog; path = Assets.xcassets; sourceTree = "<group>"; };
		CADAB0EF23FF3FBF0060CFA5 /* Preview Assets.xcassets */ = {isa = PBXFileReference; lastKnownFileType = folder.assetcatalog; path = "Preview Assets.xcassets"; sourceTree = "<group>"; };
		CADAB0F223FF3FBF0060CFA5 /* Base */ = {isa = PBXFileReference; lastKnownFileType = file.storyboard; name = Base; path = Base.lproj/LaunchScreen.storyboard; sourceTree = "<group>"; };
		CADAB0F423FF3FBF0060CFA5 /* Info.plist */ = {isa = PBXFileReference; lastKnownFileType = text.plist.xml; path = Info.plist; sourceTree = "<group>"; };
/* End PBXFileReference section */

/* Begin PBXFrameworksBuildPhase section */
		CADAB0E023FF3FBE0060CFA5 /* Frameworks */ = {
			isa = PBXFrameworksBuildPhase;
			buildActionMask = 2147483647;
			files = (
			);
			runOnlyForDeploymentPostprocessing = 0;
		};
/* End PBXFrameworksBuildPhase section */

/* Begin PBXGroup section */
		CADAB0DA23FF3FBE0060CFA5 = {
			isa = PBXGroup;
			children = (
				CADAB0E523FF3FBE0060CFA5 /* Color guess */,
				CADAB0E423FF3FBE0060CFA5 /* Products */,
			);
			sourceTree = "<group>";
			usesTabs = 0;
		};
		CADAB0E423FF3FBE0060CFA5 /* Products */ = {
			isa = PBXGroup;
			children = (
				CADAB0E323FF3FBE0060CFA5 /* Color guess.app */,
			);
			name = Products;
			sourceTree = "<group>";
		};
		CADAB0E523FF3FBE0060CFA5 /* Color guess */ = {
			isa = PBXGroup;
			children = (
				CADAB0EA23FF3FBE0060CFA5 /* ContentView.swift */,
				CADAB0E823FF3FBE0060CFA5 /* SceneDelegate.swift */,
				CAC8C62523FFF1A900BC0EBF /* RandomColor.swift */,
				CADAB0E623FF3FBE0060CFA5 /* AppDelegate.swift */,
				CADAB0F123FF3FBF0060CFA5 /* LaunchScreen.storyboard */,
				CADAB0EC23FF3FBE0060CFA5 /* Assets.xcassets */,
				CADAB0F423FF3FBF0060CFA5 /* Info.plist */,
				CADAB0EE23FF3FBF0060CFA5 /* Preview Content */,
			);
			path = "Color guess";
			sourceTree = "<group>";
		};
		CADAB0EE23FF3FBF0060CFA5 /* Preview Content */ = {
			isa = PBXGroup;
			children = (
				CADAB0EF23FF3FBF0060CFA5 /* Preview Assets.xcassets */,
			);
			path = "Preview Content";
			sourceTree = "<group>";
		};
/* End PBXGroup section */

/* Begin PBXNativeTarget section */
		CADAB0E223FF3FBE0060CFA5 /* Color guess */ = {
			isa = PBXNativeTarget;
			buildConfigurationList = CADAB0F723FF3FBF0060CFA5 /* Build configuration list for PBXNativeTarget "Color guess" */;
			buildPhases = (
				CADAB0DF23FF3FBE0060CFA5 /* Sources */,
				CADAB0E023FF3FBE0060CFA5 /* Frameworks */,
				CADAB0E123FF3FBE0060CFA5 /* Resources */,
			);
			buildRules = (
			);
			dependencies = (
			);
			name = "Color guess";
			productName = "Color guess";
			productReference = CADAB0E323FF3FBE0060CFA5 /* Color guess.app */;
			productType = "com.apple.product-type.application";
		};
/* End PBXNativeTarget section */

/* Begin PBXProject section */
		CADAB0DB23FF3FBE0060CFA5 /* Project object */ = {
			isa = PBXProject;
			attributes = {
				LastSwiftUpdateCheck = 1130;
				LastUpgradeCheck = 1230;
				ORGANIZATIONNAME = "Alessio De Gaetano";
				TargetAttributes = {
					CADAB0E223FF3FBE0060CFA5 = {
						CreatedOnToolsVersion = 11.3.1;
					};
				};
			};
			buildConfigurationList = CADAB0DE23FF3FBE0060CFA5 /* Build configuration list for PBXProject "Color guess" */;
			compatibilityVersion = "Xcode 11.0";
			developmentRegion = en;
			hasScannedForEncodings = 0;
			knownRegions = (
				en,
				Base,
			);
			mainGroup = CADAB0DA23FF3FBE0060CFA5;
			productRefGroup = CADAB0E423FF3FBE0060CFA5 /* Products */;
			projectDirPath = "";
			projectRoot = "";
			targets = (
				CADAB0E223FF3FBE0060CFA5 /* Color guess */,
			);
		};
/* End PBXProject section */

/* Begin PBXResourcesBuildPhase section */
		CADAB0E123FF3FBE0060CFA5 /* Resources */ = {
			isa = PBXResourcesBuildPhase;
			buildActionMask = 2147483647;
			files = (
				CADAB0F323FF3FBF0060CFA5 /* LaunchScreen.storyboard in Resources */,
				CADAB0F023FF3FBF0060CFA5 /* Preview Assets.xcassets in Resources */,
				CADAB0ED23FF3FBE0060CFA5 /* Assets.xcassets in Resources */,
			);
			runOnlyForDeploymentPostprocessing = 0;
		};
/* End PBXResourcesBuildPhase section */

/* Begin PBXSourcesBuildPhase section */
		CADAB0DF23FF3FBE0060CFA5 /* Sources */ = {
			isa = PBXSourcesBuildPhase;
			buildActionMask = 2147483647;
			files = (
				CADAB0E723FF3FBE0060CFA5 /* AppDelegate.swift in Sources */,
				CAC8C62623FFF1A900BC0EBF /* RandomColor.swift in Sources */,
				CADAB0E923FF3FBE0060CFA5 /* SceneDelegate.swift in Sources */,
				CADAB0EB23FF3FBE0060CFA5 /* ContentView.swift in Sources */,
			);
			runOnlyForDeploymentPostprocessing = 0;
		};
/* End PBXSourcesBuildPhase section */

/* Begin PBXVariantGroup section */
		CADAB0F123FF3FBF0060CFA5 /* LaunchScreen.storyboard */ = {
			isa = PBXVariantGroup;
			children = (
				CADAB0F223FF3FBF0060CFA5 /* Base */,
			);
			name = LaunchScreen.storyboard;
			sourceTree = "<group>";
		};
/* End PBXVariantGroup section */

/* Begin XCBuildConfiguration section */
		CADAB0F523FF3FBF0060CFA5 /* Debug */ = {
			isa = XCBuildConfiguration;
			buildSettings = {
				ALWAYS_SEARCH_USER_PATHS = NO;
				CLANG_ANALYZER_NONNULL = YES;
				CLANG_ANALYZER_NUMBER_OBJECT_CONVERSION = YES_AGGRESSIVE;
				CLANG_CXX_LANGUAGE_STANDARD = "gnu++14";
				CLANG_CXX_LIBRARY = "libc++";
				CLANG_ENABLE_MODULES = YES;
				CLANG_ENABLE_OBJC_ARC = YES;
				CLANG_ENABLE_OBJC_WEAK = YES;
				CLANG_WARN_BLOCK_CAPTURE_AUTORELEASING = YES;
				CLANG_WARN_BOOL_CONVERSION = YES;
				CLANG_WARN_COMMA = YES;
				CLANG_WARN_CONSTANT_CONVERSION = YES;
				CLANG_WARN_DEPRECATED_OBJC_IMPLEMENTATIONS = YES;
				CLANG_WARN_DIRECT_OBJC_ISA_USAGE = YES_ERROR;
				CLANG_WARN_DOCUMENTATION_COMMENTS = YES;
				CLANG_WARN_EMPTY_BODY = YES;
				CLANG_WARN_ENUM_CONVERSION = YES;
				CLANG_WARN_INFINITE_RECURSION = YES;
				CLANG_WARN_INT_CONVERSION = YES;
				CLANG_WARN_NON_LITERAL_NULL_CONVERSION = YES;
				CLANG_WARN_OBJC_IMPLICIT_RETAIN_SELF = YES;
				CLANG_WARN_OBJC_LITERAL_CONVERSION = YES;
				CLANG_WARN_OBJC_ROOT_CLASS = YES_ERROR;
				CLANG_WARN_QUOTED_INCLUDE_IN_FRAMEWORK_HEADER = YES;
				CLANG_WARN_RANGE_LOOP_ANALYSIS = YES;
				CLANG_WARN_STRICT_PROTOTYPES = YES;
				CLANG_WARN_SUSPICIOUS_MOVE = YES;
				CLANG_WARN_UNGUARDED_AVAILABILITY = YES_AGGRESSIVE;
				CLANG_WARN_UNREACHABLE_CODE = YES;
				CLANG_WARN__DUPLICATE_METHOD_MATCH = YES;
				COPY_PHASE_STRIP = NO;
				DEBUG_INFORMATION_FORMAT = dwarf;
				ENABLE_STRICT_OBJC_MSGSEND = YES;
				ENABLE_TESTABILITY = YES;
				GCC_C_LANGUAGE_STANDARD = gnu11;
				GCC_DYNAMIC_NO_PIC = NO;
				GCC_NO_COMMON_BLOCKS = YES;
				GCC_OPTIMIZATION_LEVEL = 0;
				GCC_PREPROCESSOR_DEFINITIONS = (
					"DEBUG=1",
					"$(inherited)",
				);
				GCC_WARN_64_TO_32_BIT_CONVERSION = YES;
				GCC_WARN_ABOUT_RETURN_TYPE = YES_ERROR;
				GCC_WARN_UNDECLARED_SELECTOR = YES;
				GCC_WARN_UNINITIALIZED_AUTOS = YES_AGGRESSIVE;
				GCC_WARN_UNUSED_FUNCTION = YES;
				GCC_WARN_UNUSED_VARIABLE = YES;
				IPHONEOS_DEPLOYMENT_TARGET = 13.2;
				MTL_ENABLE_DEBUG_INFO = INCLUDE_SOURCE;
				MTL_FAST_MATH = YES;
				ONLY_ACTIVE_ARCH = YES;
				SDKROOT = iphoneos;
				SWIFT_ACTIVE_COMPILATION_CONDITIONS = DEBUG;
				SWIFT_OPTIMIZATION_LEVEL = "-Onone";
			};
			name = Debug;
		};
		CADAB0F623FF3FBF0060CFA5 /* Release */ = {
			isa = XCBuildConfiguration;
			buildSettings = {
				ALWAYS_SEARCH_USER_PATHS = NO;
				CLANG_ANALYZER_NONNULL = YES;
				CLANG_ANALYZER_NUMBER_OBJECT_CONVERSION = YES_AGGRESSIVE;
				CLANG_CXX_LANGUAGE_STANDARD = "gnu++14";
				CLANG_CXX_LIBRARY = "libc++";
				CLANG_ENABLE_MODULES = YES;
				CLANG_ENABLE_OBJC_ARC = YES;
				CLANG_ENABLE_OBJC_WEAK = YES;
				CLANG_WARN_BLOCK_CAPTURE_AUTORELEASING = YES;
				CLANG_WARN_BOOL_CONVERSION = YES;
				CLANG_WARN_COMMA = YES;
				CLANG_WARN_CONSTANT_CONVERSION = YES;
				CLANG_WARN_DEPRECATED_OBJC_IMPLEMENTATIONS = YES;
				CLANG_WARN_DIRECT_OBJC_ISA_USAGE = YES_ERROR;
				CLANG_WARN_DOCUMENTATION_COMMENTS = YES;
				CLANG_WARN_EMPTY_BODY = YES;
				CLANG_WARN_ENUM_CONVERSION = YES;
				CLANG_WARN_INFINITE_RECURSION = YES;
				CLANG_WARN_INT_CONVERSION = YES;
				CLANG_WARN_NON_LITERAL_NULL_CONVERSION = YES;
				CLANG_WARN_OBJC_IMPLICIT_RETAIN_SELF = YES;
				CLANG_WARN_OBJC_LITERAL_CONVERSION = YES;
				CLANG_WARN_OBJC_ROOT_CLASS = YES_ERROR;
				CLANG_WARN_QUOTED_INCLUDE_IN_FRAMEWORK_HEADER = YES;
				CLANG_WARN_RANGE_LOOP_ANALYSIS = YES;
				CLANG_WARN_STRICT_PROTOTYPES = YES;
				CLANG_WARN_SUSPICIOUS_MOVE = YES;
				CLANG_WARN_UNGUARDED_AVAILABILITY = YES_AGGRESSIVE;
				CLANG_WARN_UNREACHABLE_CODE = YES;
				CLANG_WARN__DUPLICATE_METHOD_MATCH = YES;
				COPY_PHASE_STRIP = NO;
				DEBUG_INFORMATION_FORMAT = "dwarf-with-dsym";
				ENABLE_NS_ASSERTIONS = NO;
				ENABLE_STRICT_OBJC_MSGSEND = YES;
				GCC_C_LANGUAGE_STANDARD = gnu11;
				GCC_NO_COMMON_BLOCKS = YES;
				GCC_WARN_64_TO_32_BIT_CONVERSION = YES;
				GCC_WARN_ABOUT_RETURN_TYPE = YES_ERROR;
				GCC_WARN_UNDECLARED_SELECTOR = YES;
				GCC_WARN_UNINITIALIZED_AUTOS = YES_AGGRESSIVE;
				GCC_WARN_UNUSED_FUNCTION = YES;
				GCC_WARN_UNUSED_VARIABLE = YES;
				IPHONEOS_DEPLOYMENT_TARGET = 13.2;
				MTL_ENABLE_DEBUG_INFO = NO;
				MTL_FAST_MATH = YES;
				SDKROOT = iphoneos;
				SWIFT_COMPILATION_MODE = wholemodule;
				SWIFT_OPTIMIZATION_LEVEL = "-O";
				VALIDATE_PRODUCT = YES;
			};
			name = Release;
		};
		CADAB0F823FF3FBF0060CFA5 /* Debug */ = {
			isa = XCBuildConfiguration;
			buildSettings = {
				ASSETCATALOG_COMPILER_APPICON_NAME = AppIcon;
				CODE_SIGN_STYLE = Automatic;
				DEVELOPMENT_ASSET_PATHS = "\"Color guess/Preview Content\"";
				DEVELOPMENT_TEAM = 6R4WPMZAJ6;
				ENABLE_PREVIEWS = YES;
				INFOPLIST_FILE = "Color guess/Info.plist";
				LD_RUNPATH_SEARCH_PATHS = (
					"$(inherited)",
					"@executable_path/Frameworks",
				);
				PRODUCT_BUNDLE_IDENTIFIER = "alessio.Color-guess";
				PRODUCT_NAME = "$(TARGET_NAME)";
				SWIFT_VERSION = 5.0;
				TARGETED_DEVICE_FAMILY = "1,2";
			};
			name = Debug;
		};
		CADAB0F923FF3FBF0060CFA5 /* Release */ = {
			isa = XCBuildConfiguration;
			buildSettings = {
				ASSETCATALOG_COMPILER_APPICON_NAME = AppIcon;
				CODE_SIGN_STYLE = Automatic;
				DEVELOPMENT_ASSET_PATHS = "\"Color guess/Preview Content\"";
				DEVELOPMENT_TEAM = 6R4WPMZAJ6;
				ENABLE_PREVIEWS = YES;
				INFOPLIST_FILE = "Color guess/Info.plist";
				LD_RUNPATH_SEARCH_PATHS = (
					"$(inherited)",
					"@executable_path/Frameworks",
				);
				PRODUCT_BUNDLE_IDENTIFIER = "alessio.Color-guess";
				PRODUCT_NAME = "$(TARGET_NAME)";
				SWIFT_VERSION = 5.0;
				TARGETED_DEVICE_FAMILY = "1,2";
			};
			name = Release;
		};
/* End XCBuildConfiguration section */

/* Begin XCConfigurationList section */
		CADAB0DE23FF3FBE0060CFA5 /* Build configuration list for PBXProject "Color guess" */ = {
			isa = XCConfigurationList;
			buildConfigurations = (
				CADAB0F523FF3FBF0060CFA5 /* Debug */,
				CADAB0F623FF3FBF0060CFA5 /* Release */,
			);
			defaultConfigurationIsVisible = 0;
			defaultConfigurationName = Release;
		};
		CADAB0F723FF3FBF0060CFA5 /* Build configuration list for PBXNativeTarget "Color guess" */ = {
			isa = XCConfigurationList;
			buildConfigurations = (
				CADAB0F823FF3FBF0060CFA5 /* Debug */,
				CADAB0F923FF3FBF0060CFA5 /* Release */,
			);
			defaultConfigurationIsVisible = 0;
			defaultConfigurationName = Release;
		};
/* End XCConfigurationList section */
	};
	rootObject = CADAB0DB23FF3FBE0060CFA5 /* Project object */;
}
